// !$*UTF8*$!
{
	archiveVersion = 1;
	classes = {
	};
	objectVersion = 50;
	objects = {

/* Begin PBXBuildFile section */
		1A1CD43420C5386600E3B5C1 /* AppDelegate.swift in Sources */ = {isa = PBXBuildFile; fileRef = 1A1CD43320C5386600E3B5C1 /* AppDelegate.swift */; };
		1A1CD43620C5386600E3B5C1 /* ViewController.swift in Sources */ = {isa = PBXBuildFile; fileRef = 1A1CD43520C5386600E3B5C1 /* ViewController.swift */; };
		1A1CD43920C5386600E3B5C1 /* Main.storyboard in Resources */ = {isa = PBXBuildFile; fileRef = 1A1CD43720C5386600E3B5C1 /* Main.storyboard */; };
		1A1CD43C20C5386600E3B5C1 /* GoogleMapRadius.xcdatamodeld in Sources */ = {isa = PBXBuildFile; fileRef = 1A1CD43A20C5386600E3B5C1 /* GoogleMapRadius.xcdatamodeld */; };
		1A1CD43E20C5386E00E3B5C1 /* Assets.xcassets in Resources */ = {isa = PBXBuildFile; fileRef = 1A1CD43D20C5386E00E3B5C1 /* Assets.xcassets */; };
		1A1CD44120C5386E00E3B5C1 /* LaunchScreen.storyboard in Resources */ = {isa = PBXBuildFile; fileRef = 1A1CD43F20C5386E00E3B5C1 /* LaunchScreen.storyboard */; };
		1A1CD44C20C5386E00E3B5C1 /* GoogleMapRadiusTests.swift in Sources */ = {isa = PBXBuildFile; fileRef = 1A1CD44B20C5386E00E3B5C1 /* GoogleMapRadiusTests.swift */; };
		1A1CD45720C5386E00E3B5C1 /* GoogleMapRadiusUITests.swift in Sources */ = {isa = PBXBuildFile; fileRef = 1A1CD45620C5386E00E3B5C1 /* GoogleMapRadiusUITests.swift */; };
/* End PBXBuildFile section */

/* Begin PBXContainerItemProxy section */
		1A1CD44820C5386E00E3B5C1 /* PBXContainerItemProxy */ = {
			isa = PBXContainerItemProxy;
			containerPortal = 1A1CD42820C5386600E3B5C1 /* Project object */;
			proxyType = 1;
			remoteGlobalIDString = 1A1CD42F20C5386600E3B5C1;
			remoteInfo = GoogleMapRadius;
		};
		1A1CD45320C5386E00E3B5C1 /* PBXContainerItemProxy */ = {
			isa = PBXContainerItemProxy;
			containerPortal = 1A1CD42820C5386600E3B5C1 /* Project object */;
			proxyType = 1;
			remoteGlobalIDString = 1A1CD42F20C5386600E3B5C1;
			remoteInfo = GoogleMapRadius;
		};
/* End PBXContainerItemProxy section */

/* Begin PBXFileReference section */
		1A1CD43020C5386600E3B5C1 /* GoogleMapRadius.app */ = {isa = PBXFileReference; explicitFileType = wrapper.application; includeInIndex = 0; path = GoogleMapRadius.app; sourceTree = BUILT_PRODUCTS_DIR; };
		1A1CD43320C5386600E3B5C1 /* AppDelegate.swift */ = {isa = PBXFileReference; lastKnownFileType = sourcecode.swift; path = AppDelegate.swift; sourceTree = "<group>"; };
		1A1CD43520C5386600E3B5C1 /* ViewController.swift */ = {isa = PBXFileReference; lastKnownFileType = sourcecode.swift; path = ViewController.swift; sourceTree = "<group>"; };
		1A1CD43820C5386600E3B5C1 /* Base */ = {isa = PBXFileReference; lastKnownFileType = file.storyboard; name = Base; path = Base.lproj/Main.storyboard; sourceTree = "<group>"; };
		1A1CD43B20C5386600E3B5C1 /* GoogleMapRadius.xcdatamodel */ = {isa = PBXFileReference; lastKnownFileType = wrapper.xcdatamodel; path = GoogleMapRadius.xcdatamodel; sourceTree = "<group>"; };
		1A1CD43D20C5386E00E3B5C1 /* Assets.xcassets */ = {isa = PBXFileReference; lastKnownFileType = folder.assetcatalog; path = Assets.xcassets; sourceTree = "<group>"; };
		1A1CD44020C5386E00E3B5C1 /* Base */ = {isa = PBXFileReference; lastKnownFileType = file.storyboard; name = Base; path = Base.lproj/LaunchScreen.storyboard; sourceTree = "<group>"; };
		1A1CD44220C5386E00E3B5C1 /* Info.plist */ = {isa = PBXFileReference; lastKnownFileType = text.plist.xml; path = Info.plist; sourceTree = "<group>"; };
		1A1CD44720C5386E00E3B5C1 /* GoogleMapRadiusTests.xctest */ = {isa = PBXFileReference; explicitFileType = wrapper.cfbundle; includeInIndex = 0; path = GoogleMapRadiusTests.xctest; sourceTree = BUILT_PRODUCTS_DIR; };
		1A1CD44B20C5386E00E3B5C1 /* GoogleMapRadiusTests.swift */ = {isa = PBXFileReference; lastKnownFileType = sourcecode.swift; path = GoogleMapRadiusTests.swift; sourceTree = "<group>"; };
		1A1CD44D20C5386E00E3B5C1 /* Info.plist */ = {isa = PBXFileReference; lastKnownFileType = text.plist.xml; path = Info.plist; sourceTree = "<group>"; };
		1A1CD45220C5386E00E3B5C1 /* GoogleMapRadiusUITests.xctest */ = {isa = PBXFileReference; explicitFileType = wrapper.cfbundle; includeInIndex = 0; path = GoogleMapRadiusUITests.xctest; sourceTree = BUILT_PRODUCTS_DIR; };
		1A1CD45620C5386E00E3B5C1 /* GoogleMapRadiusUITests.swift */ = {isa = PBXFileReference; lastKnownFileType = sourcecode.swift; path = GoogleMapRadiusUITests.swift; sourceTree = "<group>"; };
		1A1CD45820C5386E00E3B5C1 /* Info.plist */ = {isa = PBXFileReference; lastKnownFileType = text.plist.xml; path = Info.plist; sourceTree = "<group>"; };
/* End PBXFileReference section */

/* Begin PBXFrameworksBuildPhase section */
		1A1CD42D20C5386600E3B5C1 /* Frameworks */ = {
			isa = PBXFrameworksBuildPhase;
			buildActionMask = 2147483647;
			files = (
			);
			runOnlyForDeploymentPostprocessing = 0;
		};
		1A1CD44420C5386E00E3B5C1 /* Frameworks */ = {
			isa = PBXFrameworksBuildPhase;
			buildActionMask = 2147483647;
			files = (
			);
			runOnlyForDeploymentPostprocessing = 0;
		};
		1A1CD44F20C5386E00E3B5C1 /* Frameworks */ = {
			isa = PBXFrameworksBuildPhase;
			buildActionMask = 2147483647;
			files = (
			);
			runOnlyForDeploymentPostprocessing = 0;
		};
/* End PBXFrameworksBuildPhase section */

/* Begin PBXGroup section */
		1A1CD42720C5386600E3B5C1 = {
			isa = PBXGroup;
			children = (
				1A1CD43220C5386600E3B5C1 /* GoogleMapRadius */,
				1A1CD44A20C5386E00E3B5C1 /* GoogleMapRadiusTests */,
				1A1CD45520C5386E00E3B5C1 /* GoogleMapRadiusUITests */,
				1A1CD43120C5386600E3B5C1 /* Products */,
			);
			sourceTree = "<group>";
		};
		1A1CD43120C5386600E3B5C1 /* Products */ = {
			isa = PBXGroup;
			children = (
				1A1CD43020C5386600E3B5C1 /* GoogleMapRadius.app */,
				1A1CD44720C5386E00E3B5C1 /* GoogleMapRadiusTests.xctest */,
				1A1CD45220C5386E00E3B5C1 /* GoogleMapRadiusUITests.xctest */,
			);
			name = Products;
			sourceTree = "<group>";
		};
		1A1CD43220C5386600E3B5C1 /* GoogleMapRadius */ = {
			isa = PBXGroup;
			children = (
				1A1CD43320C5386600E3B5C1 /* AppDelegate.swift */,
				1A1CD43520C5386600E3B5C1 /* ViewController.swift */,
				1A1CD43720C5386600E3B5C1 /* Main.storyboard */,
				1A1CD43D20C5386E00E3B5C1 /* Assets.xcassets */,
				1A1CD43F20C5386E00E3B5C1 /* LaunchScreen.storyboard */,
				1A1CD44220C5386E00E3B5C1 /* Info.plist */,
				1A1CD43A20C5386600E3B5C1 /* GoogleMapRadius.xcdatamodeld */,
			);
			path = GoogleMapRadius;
			sourceTree = "<group>";
		};
		1A1CD44A20C5386E00E3B5C1 /* GoogleMapRadiusTests */ = {
			isa = PBXGroup;
			children = (
				1A1CD44B20C5386E00E3B5C1 /* GoogleMapRadiusTests.swift */,
				1A1CD44D20C5386E00E3B5C1 /* Info.plist */,
			);
			path = GoogleMapRadiusTests;
			sourceTree = "<group>";
		};
		1A1CD45520C5386E00E3B5C1 /* GoogleMapRadiusUITests */ = {
			isa = PBXGroup;
			children = (
				1A1CD45620C5386E00E3B5C1 /* GoogleMapRadiusUITests.swift */,
				1A1CD45820C5386E00E3B5C1 /* Info.plist */,
			);
			path = GoogleMapRadiusUITests;
			sourceTree = "<group>";
		};
/* End PBXGroup section */

/* Begin PBXNativeTarget section */
		1A1CD42F20C5386600E3B5C1 /* GoogleMapRadius */ = {
			isa = PBXNativeTarget;
			buildConfigurationList = 1A1CD45B20C5386E00E3B5C1 /* Build configuration list for PBXNativeTarget "GoogleMapRadius" */;
			buildPhases = (
				1A1CD42C20C5386600E3B5C1 /* Sources */,
				1A1CD42D20C5386600E3B5C1 /* Frameworks */,
				1A1CD42E20C5386600E3B5C1 /* Resources */,
			);
			buildRules = (
			);
			dependencies = (
			);
			name = GoogleMapRadius;
			productName = GoogleMapRadius;
			productReference = 1A1CD43020C5386600E3B5C1 /* GoogleMapRadius.app */;
			productType = "com.apple.product-type.application";
		};
		1A1CD44620C5386E00E3B5C1 /* GoogleMapRadiusTests */ = {
			isa = PBXNativeTarget;
			buildConfigurationList = 1A1CD45E20C5386E00E3B5C1 /* Build configuration list for PBXNativeTarget "GoogleMapRadiusTests" */;
			buildPhases = (
				1A1CD44320C5386E00E3B5C1 /* Sources */,
				1A1CD44420C5386E00E3B5C1 /* Frameworks */,
				1A1CD44520C5386E00E3B5C1 /* Resources */,
			);
			buildRules = (
			);
			dependencies = (
				1A1CD44920C5386E00E3B5C1 /* PBXTargetDependency */,
			);
			name = GoogleMapRadiusTests;
			productName = GoogleMapRadiusTests;
			productReference = 1A1CD44720C5386E00E3B5C1 /* GoogleMapRadiusTests.xctest */;
			productType = "com.apple.product-type.bundle.unit-test";
		};
		1A1CD45120C5386E00E3B5C1 /* GoogleMapRadiusUITests */ = {
			isa = PBXNativeTarget;
			buildConfigurationList = 1A1CD46120C5386E00E3B5C1 /* Build configuration list for PBXNativeTarget "GoogleMapRadiusUITests" */;
			buildPhases = (
				1A1CD44E20C5386E00E3B5C1 /* Sources */,
				1A1CD44F20C5386E00E3B5C1 /* Frameworks */,
				1A1CD45020C5386E00E3B5C1 /* Resources */,
			);
			buildRules = (
			);
			dependencies = (
				1A1CD45420C5386E00E3B5C1 /* PBXTargetDependency */,
			);
			name = GoogleMapRadiusUITests;
			productName = GoogleMapRadiusUITests;
			productReference = 1A1CD45220C5386E00E3B5C1 /* GoogleMapRadiusUITests.xctest */;
			productType = "com.apple.product-type.bundle.ui-testing";
		};
/* End PBXNativeTarget section */

/* Begin PBXProject section */
		1A1CD42820C5386600E3B5C1 /* Project object */ = {
			isa = PBXProject;
			attributes = {
				LastSwiftUpdateCheck = 0930;
				LastUpgradeCheck = 0930;
				ORGANIZATIONNAME = "Fortune4 Technologies";
				TargetAttributes = {
					1A1CD42F20C5386600E3B5C1 = {
						CreatedOnToolsVersion = 9.3.1;
					};
					1A1CD44620C5386E00E3B5C1 = {
						CreatedOnToolsVersion = 9.3.1;
						TestTargetID = 1A1CD42F20C5386600E3B5C1;
					};
					1A1CD45120C5386E00E3B5C1 = {
						CreatedOnToolsVersion = 9.3.1;
						TestTargetID = 1A1CD42F20C5386600E3B5C1;
					};
				};
			};
			buildConfigurationList = 1A1CD42B20C5386600E3B5C1 /* Build configuration list for PBXProject "GoogleMapRadius" */;
			compatibilityVersion = "Xcode 9.3";
			developmentRegion = en;
			hasScannedForEncodings = 0;
			knownRegions = (
				en,
				Base,
			);
			mainGroup = 1A1CD42720C5386600E3B5C1;
			productRefGroup = 1A1CD43120C5386600E3B5C1 /* Products */;
			projectDirPath = "";
			projectRoot = "";
			targets = (
				1A1CD42F20C5386600E3B5C1 /* GoogleMapRadius */,
				1A1CD44620C5386E00E3B5C1 /* GoogleMapRadiusTests */,
				1A1CD45120C5386E00E3B5C1 /* GoogleMapRadiusUITests */,
			);
		};
/* End PBXProject section */

/* Begin PBXResourcesBuildPhase section */
		1A1CD42E20C5386600E3B5C1 /* Resources */ = {
			isa = PBXResourcesBuildPhase;
			buildActionMask = 2147483647;
			files = (
				1A1CD44120C5386E00E3B5C1 /* LaunchScreen.storyboard in Resources */,
				1A1CD43E20C5386E00E3B5C1 /* Assets.xcassets in Resources */,
				1A1CD43920C5386600E3B5C1 /* Main.storyboard in Resources */,
			);
			runOnlyForDeploymentPostprocessing = 0;
		};
		1A1CD44520C5386E00E3B5C1 /* Resources */ = {
			isa = PBXResourcesBuildPhase;
			buildActionMask = 2147483647;
			files = (
			);
			runOnlyForDeploymentPostprocessing = 0;
		};
		1A1CD45020C5386E00E3B5C1 /* Resources */ = {
			isa = PBXResourcesBuildPhase;
			buildActionMask = 2147483647;
			files = (
			);
			runOnlyForDeploymentPostprocessing = 0;
		};
/* End PBXResourcesBuildPhase section */

/* Begin PBXSourcesBuildPhase section */
		1A1CD42C20C5386600E3B5C1 /* Sources */ = {
			isa = PBXSourcesBuildPhase;
			buildActionMask = 2147483647;
			files = (
				1A1CD43620C5386600E3B5C1 /* ViewController.swift in Sources */,
				1A1CD43420C5386600E3B5C1 /* AppDelegate.swift in Sources */,
				1A1CD43C20C5386600E3B5C1 /* GoogleMapRadius.xcdatamodeld in Sources */,
			);
			runOnlyForDeploymentPostprocessing = 0;
		};
		1A1CD44320C5386E00E3B5C1 /* Sources */ = {
			isa = PBXSourcesBuildPhase;
			buildActionMask = 2147483647;
			files = (
				1A1CD44C20C5386E00E3B5C1 /* GoogleMapRadiusTests.swift in Sources */,
			);
			runOnlyForDeploymentPostprocessing = 0;
		};
		1A1CD44E20C5386E00E3B5C1 /* Sources */ = {
			isa = PBXSourcesBuildPhase;
			buildActionMask = 2147483647;
			files = (
				1A1CD45720C5386E00E3B5C1 /* GoogleMapRadiusUITests.swift in Sources */,
			);
			runOnlyForDeploymentPostprocessing = 0;
		};
/* End PBXSourcesBuildPhase section */

/* Begin PBXTargetDependency section */
		1A1CD44920C5386E00E3B5C1 /* PBXTargetDependency */ = {
			isa = PBXTargetDependency;
			target = 1A1CD42F20C5386600E3B5C1 /* GoogleMapRadius */;
			targetProxy = 1A1CD44820C5386E00E3B5C1 /* PBXContainerItemProxy */;
		};
		1A1CD45420C5386E00E3B5C1 /* PBXTargetDependency */ = {
			isa = PBXTargetDependency;
			target = 1A1CD42F20C5386600E3B5C1 /* GoogleMapRadius */;
			targetProxy = 1A1CD45320C5386E00E3B5C1 /* PBXContainerItemProxy */;
		};
/* End PBXTargetDependency section */

/* Begin PBXVariantGroup section */
		1A1CD43720C5386600E3B5C1 /* Main.storyboard */ = {
			isa = PBXVariantGroup;
			children = (
				1A1CD43820C5386600E3B5C1 /* Base */,
			);
			name = Main.storyboard;
			sourceTree = "<group>";
		};
		1A1CD43F20C5386E00E3B5C1 /* LaunchScreen.storyboard */ = {
			isa = PBXVariantGroup;
			children = (
				1A1CD44020C5386E00E3B5C1 /* Base */,
			);
			name = LaunchScreen.storyboard;
			sourceTree = "<group>";
		};
/* End PBXVariantGroup section */

/* Begin XCBuildConfiguration section */
		1A1CD45920C5386E00E3B5C1 /* Debug */ = {
			isa = XCBuildConfiguration;
			buildSettings = {
				ALWAYS_SEARCH_USER_PATHS = NO;
				CLANG_ANALYZER_NONNULL = YES;
				CLANG_ANALYZER_NUMBER_OBJECT_CONVERSION = YES_AGGRESSIVE;
				CLANG_CXX_LANGUAGE_STANDARD = "gnu++14";
				CLANG_CXX_LIBRARY = "libc++";
				CLANG_ENABLE_MODULES = YES;
				CLANG_ENABLE_OBJC_ARC = YES;
				CLANG_ENABLE_OBJC_WEAK = YES;
				CLANG_WARN_BLOCK_CAPTURE_AUTORELEASING = YES;
				CLANG_WARN_BOOL_CONVERSION = YES;
				CLANG_WARN_COMMA = YES;
				CLANG_WARN_CONSTANT_CONVERSION = YES;
				CLANG_WARN_DEPRECATED_OBJC_IMPLEMENTATIONS = YES;
				CLANG_WARN_DIRECT_OBJC_ISA_USAGE = YES_ERROR;
				CLANG_WARN_DOCUMENTATION_COMMENTS = YES;
				CLANG_WARN_EMPTY_BODY = YES;
				CLANG_WARN_ENUM_CONVERSION = YES;
				CLANG_WARN_INFINITE_RECURSION = YES;
				CLANG_WARN_INT_CONVERSION = YES;
				CLANG_WARN_NON_LITERAL_NULL_CONVERSION = YES;
				CLANG_WARN_OBJC_IMPLICIT_RETAIN_SELF = YES;
				CLANG_WARN_OBJC_LITERAL_CONVERSION = YES;
				CLANG_WARN_OBJC_ROOT_CLASS = YES_ERROR;
				CLANG_WARN_RANGE_LOOP_ANALYSIS = YES;
				CLANG_WARN_STRICT_PROTOTYPES = YES;
				CLANG_WARN_SUSPICIOUS_MOVE = YES;
				CLANG_WARN_UNGUARDED_AVAILABILITY = YES_AGGRESSIVE;
				CLANG_WARN_UNREACHABLE_CODE = YES;
				CLANG_WARN__DUPLICATE_METHOD_MATCH = YES;
				CODE_SIGN_IDENTITY = "iPhone Developer";
				COPY_PHASE_STRIP = NO;
				DEBUG_INFORMATION_FORMAT = dwarf;
				ENABLE_STRICT_OBJC_MSGSEND = YES;
				ENABLE_TESTABILITY = YES;
				GCC_C_LANGUAGE_STANDARD = gnu11;
				GCC_DYNAMIC_NO_PIC = NO;
				GCC_NO_COMMON_BLOCKS = YES;
				GCC_OPTIMIZATION_LEVEL = 0;
				GCC_PREPROCESSOR_DEFINITIONS = (
					"DEBUG=1",
					"$(inherited)",
				);
				GCC_WARN_64_TO_32_BIT_CONVERSION = YES;
				GCC_WARN_ABOUT_RETURN_TYPE = YES_ERROR;
				GCC_WARN_UNDECLARED_SELECTOR = YES;
				GCC_WARN_UNINITIALIZED_AUTOS = YES_AGGRESSIVE;
				GCC_WARN_UNUSED_FUNCTION = YES;
				GCC_WARN_UNUSED_VARIABLE = YES;
				IPHONEOS_DEPLOYMENT_TARGET = 11.3;
				MTL_ENABLE_DEBUG_INFO = YES;
				ONLY_ACTIVE_ARCH = YES;
				SDKROOT = iphoneos;
				SWIFT_ACTIVE_COMPILATION_CONDITIONS = DEBUG;
				SWIFT_OPTIMIZATION_LEVEL = "-Onone";
			};
			name = Debug;
		};
		1A1CD45A20C5386E00E3B5C1 /* Release */ = {
			isa = XCBuildConfiguration;
			buildSettings = {
				ALWAYS_SEARCH_USER_PATHS = NO;
				CLANG_ANALYZER_NONNULL = YES;
				CLANG_ANALYZER_NUMBER_OBJECT_CONVERSION = YES_AGGRESSIVE;
				CLANG_CXX_LANGUAGE_STANDARD = "gnu++14";
				CLANG_CXX_LIBRARY = "libc++";
				CLANG_ENABLE_MODULES = YES;
				CLANG_ENABLE_OBJC_ARC = YES;
				CLANG_ENABLE_OBJC_WEAK = YES;
				CLANG_WARN_BLOCK_CAPTURE_AUTORELEASING = YES;
				CLANG_WARN_BOOL_CONVERSION = YES;
				CLANG_WARN_COMMA = YES;
				CLANG_WARN_CONSTANT_CONVERSION = YES;
				CLANG_WARN_DEPRECATED_OBJC_IMPLEMENTATIONS = YES;
				CLANG_WARN_DIRECT_OBJC_ISA_USAGE = YES_ERROR;
				CLANG_WARN_DOCUMENTATION_COMMENTS = YES;
				CLANG_WARN_EMPTY_BODY = YES;
				CLANG_WARN_ENUM_CONVERSION = YES;
				CLANG_WARN_INFINITE_RECURSION = YES;
				CLANG_WARN_INT_CONVERSION = YES;
				CLANG_WARN_NON_LITERAL_NULL_CONVERSION = YES;
				CLANG_WARN_OBJC_IMPLICIT_RETAIN_SELF = YES;
				CLANG_WARN_OBJC_LITERAL_CONVERSION = YES;
				CLANG_WARN_OBJC_ROOT_CLASS = YES_ERROR;
				CLANG_WARN_RANGE_LOOP_ANALYSIS = YES;
				CLANG_WARN_STRICT_PROTOTYPES = YES;
				CLANG_WARN_SUSPICIOUS_MOVE = YES;
				CLANG_WARN_UNGUARDED_AVAILABILITY = YES_AGGRESSIVE;
				CLANG_WARN_UNREACHABLE_CODE = YES;
				CLANG_WARN__DUPLICATE_METHOD_MATCH = YES;
				CODE_SIGN_IDENTITY = "iPhone Developer";
				COPY_PHASE_STRIP = NO;
				DEBUG_INFORMATION_FORMAT = "dwarf-with-dsym";
				ENABLE_NS_ASSERTIONS = NO;
				ENABLE_STRICT_OBJC_MSGSEND = YES;
				GCC_C_LANGUAGE_STANDARD = gnu11;
				GCC_NO_COMMON_BLOCKS = YES;
				GCC_WARN_64_TO_32_BIT_CONVERSION = YES;
				GCC_WARN_ABOUT_RETURN_TYPE = YES_ERROR;
				GCC_WARN_UNDECLARED_SELECTOR = YES;
				GCC_WARN_UNINITIALIZED_AUTOS = YES_AGGRESSIVE;
				GCC_WARN_UNUSED_FUNCTION = YES;
				GCC_WARN_UNUSED_VARIABLE = YES;
				IPHONEOS_DEPLOYMENT_TARGET = 11.3;
				MTL_ENABLE_DEBUG_INFO = NO;
				SDKROOT = iphoneos;
				SWIFT_COMPILATION_MODE = wholemodule;
				SWIFT_OPTIMIZATION_LEVEL = "-O";
				VALIDATE_PRODUCT = YES;
			};
			name = Release;
		};
		1A1CD45C20C5386E00E3B5C1 /* Debug */ = {
			isa = XCBuildConfiguration;
			buildSettings = {
				ASSETCATALOG_COMPILER_APPICON_NAME = AppIcon;
				CODE_SIGN_STYLE = Automatic;
				DEVELOPMENT_TEAM = UMUY72KH99;
				INFOPLIST_FILE = GoogleMapRadius/Info.plist;
				LD_RUNPATH_SEARCH_PATHS = (
					"$(inherited)",
					"@executable_path/Frameworks",
				);
				PRODUCT_BUNDLE_IDENTIFIER = com.fortune4.GoogleMapRadius;
				PRODUCT_NAME = "$(TARGET_NAME)";
				SWIFT_VERSION = 4.0;
				TARGETED_DEVICE_FAMILY = "1,2";
			};
			name = Debug;
		};
		1A1CD45D20C5386E00E3B5C1 /* Release */ = {
			isa = XCBuildConfiguration;
			buildSettings = {
				ASSETCATALOG_COMPILER_APPICON_NAME = AppIcon;
				CODE_SIGN_STYLE = Automatic;
				DEVELOPMENT_TEAM = UMUY72KH99;
				INFOPLIST_FILE = GoogleMapRadius/Info.plist;
				LD_RUNPATH_SEARCH_PATHS = (
					"$(inherited)",
					"@executable_path/Frameworks",
				);
				PRODUCT_BUNDLE_IDENTIFIER = com.fortune4.GoogleMapRadius;
				PRODUCT_NAME = "$(TARGET_NAME)";
				SWIFT_VERSION = 4.0;
				TARGETED_DEVICE_FAMILY = "1,2";
			};
			name = Release;
		};
		1A1CD45F20C5386E00E3B5C1 /* Debug */ = {
			isa = XCBuildConfiguration;
			buildSettings = {
				ALWAYS_EMBED_SWIFT_STANDARD_LIBRARIES = YES;
				BUNDLE_LOADER = "$(TEST_HOST)";
				CODE_SIGN_STYLE = Automatic;
				DEVELOPMENT_TEAM = UMUY72KH99;
				INFOPLIST_FILE = GoogleMapRadiusTests/Info.plist;
				LD_RUNPATH_SEARCH_PATHS = (
					"$(inherited)",
					"@executable_path/Frameworks",
					"@loader_path/Frameworks",
				);
				PRODUCT_BUNDLE_IDENTIFIER = com.fortune4.GoogleMapRadiusTests;
				PRODUCT_NAME = "$(TARGET_NAME)";
				SWIFT_VERSION = 4.0;
				TARGETED_DEVICE_FAMILY = "1,2";
				TEST_HOST = "$(BUILT_PRODUCTS_DIR)/GoogleMapRadius.app/GoogleMapRadius";
			};
			name = Debug;
		};
		1A1CD46020C5386E00E3B5C1 /* Release */ = {
			isa = XCBuildConfiguration;
			buildSettings = {
				ALWAYS_EMBED_SWIFT_STANDARD_LIBRARIES = YES;
				BUNDLE_LOADER = "$(TEST_HOST)";
				CODE_SIGN_STYLE = Automatic;
				DEVELOPMENT_TEAM = UMUY72KH99;
				INFOPLIST_FILE = GoogleMapRadiusTests/Info.plist;
				LD_RUNPATH_SEARCH_PATHS = (
					"$(inherited)",
					"@executable_path/Frameworks",
					"@loader_path/Frameworks",
				);
				PRODUCT_BUNDLE_IDENTIFIER = com.fortune4.GoogleMapRadiusTests;
				PRODUCT_NAME = "$(TARGET_NAME)";
				SWIFT_VERSION = 4.0;
				TARGETED_DEVICE_FAMILY = "1,2";
				TEST_HOST = "$(BUILT_PRODUCTS_DIR)/GoogleMapRadius.app/GoogleMapRadius";
			};
			name = Release;
		};
		1A1CD46220C5386E00E3B5C1 /* Debug */ = {
			isa = XCBuildConfiguration;
			buildSettings = {
				ALWAYS_EMBED_SWIFT_STANDARD_LIBRARIES = YES;
				CODE_SIGN_STYLE = Automatic;
				DEVELOPMENT_TEAM = UMUY72KH99;
				INFOPLIST_FILE = GoogleMapRadiusUITests/Info.plist;
				LD_RUNPATH_SEARCH_PATHS = (
					"$(inherited)",
					"@executable_path/Frameworks",
					"@loader_path/Frameworks",
				);
				PRODUCT_BUNDLE_IDENTIFIER = com.fortune4.GoogleMapRadiusUITests;
				PRODUCT_NAME = "$(TARGET_NAME)";
				SWIFT_VERSION = 4.0;
				TARGETED_DEVICE_FAMILY = "1,2";
				TEST_TARGET_NAME = GoogleMapRadius;
			};
			name = Debug;
		};
		1A1CD46320C5386E00E3B5C1 /* Release */ = {
			isa = XCBuildConfiguration;
			buildSettings = {
				ALWAYS_EMBED_SWIFT_STANDARD_LIBRARIES = YES;
				CODE_SIGN_STYLE = Automatic;
				DEVELOPMENT_TEAM = UMUY72KH99;
				INFOPLIST_FILE = GoogleMapRadiusUITests/Info.plist;
				LD_RUNPATH_SEARCH_PATHS = (
					"$(inherited)",
					"@executable_path/Frameworks",
					"@loader_path/Frameworks",
				);
				PRODUCT_BUNDLE_IDENTIFIER = com.fortune4.GoogleMapRadiusUITests;
				PRODUCT_NAME = "$(TARGET_NAME)";
				SWIFT_VERSION = 4.0;
				TARGETED_DEVICE_FAMILY = "1,2";
				TEST_TARGET_NAME = GoogleMapRadius;
			};
			name = Release;
		};
/* End XCBuildConfiguration section */

/* Begin XCConfigurationList section */
		1A1CD42B20C5386600E3B5C1 /* Build configuration list for PBXProject "GoogleMapRadius" */ = {
			isa = XCConfigurationList;
			buildConfigurations = (
				1A1CD45920C5386E00E3B5C1 /* Debug */,
				1A1CD45A20C5386E00E3B5C1 /* Release */,
			);
			defaultConfigurationIsVisible = 0;
			defaultConfigurationName = Release;
		};
		1A1CD45B20C5386E00E3B5C1 /* Build configuration list for PBXNativeTarget "GoogleMapRadius" */ = {
			isa = XCConfigurationList;
			buildConfigurations = (
				1A1CD45C20C5386E00E3B5C1 /* Debug */,
				1A1CD45D20C5386E00E3B5C1 /* Release */,
			);
			defaultConfigurationIsVisible = 0;
			defaultConfigurationName = Release;
		};
		1A1CD45E20C5386E00E3B5C1 /* Build configuration list for PBXNativeTarget "GoogleMapRadiusTests" */ = {
			isa = XCConfigurationList;
			buildConfigurations = (
				1A1CD45F20C5386E00E3B5C1 /* Debug */,
				1A1CD46020C5386E00E3B5C1 /* Release */,
			);
			defaultConfigurationIsVisible = 0;
			defaultConfigurationName = Release;
		};
		1A1CD46120C5386E00E3B5C1 /* Build configuration list for PBXNativeTarget "GoogleMapRadiusUITests" */ = {
			isa = XCConfigurationList;
			buildConfigurations = (
				1A1CD46220C5386E00E3B5C1 /* Debug */,
				1A1CD46320C5386E00E3B5C1 /* Release */,
			);
			defaultConfigurationIsVisible = 0;
			defaultConfigurationName = Release;
		};
/* End XCConfigurationList section */

/* Begin XCVersionGroup section */
		1A1CD43A20C5386600E3B5C1 /* GoogleMapRadius.xcdatamodeld */ = {
			isa = XCVersionGroup;
			children = (
				1A1CD43B20C5386600E3B5C1 /* GoogleMapRadius.xcdatamodel */,
			);
			currentVersion = 1A1CD43B20C5386600E3B5C1 /* GoogleMapRadius.xcdatamodel */;
			path = GoogleMapRadius.xcdatamodeld;
			sourceTree = "<group>";
			versionGroupType = wrapper.xcdatamodel;
		};
/* End XCVersionGroup section */
	};
	rootObject = 1A1CD42820C5386600E3B5C1 /* Project object */;
}
